// !$*UTF8*$!
{
	archiveVersion = 1;
	classes = {
	};
	objectVersion = 56;
	objects = {

/* Begin PBXBuildFile section */
		711DCA0B299190DC0086C9A2 /* SplashView.swift in Sources */ = {isa = PBXBuildFile; fileRef = 711DCA0A299190DC0086C9A2 /* SplashView.swift */; };
		71AFAEFA298DE9230065DD3C /* Category+CoreDataClass.swift in Sources */ = {isa = PBXBuildFile; fileRef = 71AFAEF6298DE9230065DD3C /* Category+CoreDataClass.swift */; };
		71AFAEFB298DE9230065DD3C /* Category+CoreDataProperties.swift in Sources */ = {isa = PBXBuildFile; fileRef = 71AFAEF7298DE9230065DD3C /* Category+CoreDataProperties.swift */; };
		71AFAEFC298DE9230065DD3C /* Item+CoreDataClass.swift in Sources */ = {isa = PBXBuildFile; fileRef = 71AFAEF8298DE9230065DD3C /* Item+CoreDataClass.swift */; };
		71AFAEFD298DE9230065DD3C /* Item+CoreDataProperties.swift in Sources */ = {isa = PBXBuildFile; fileRef = 71AFAEF9298DE9230065DD3C /* Item+CoreDataProperties.swift */; };
		71CD854D298DA17C001D202D /* Stockify.xcdatamodeld in Sources */ = {isa = PBXBuildFile; fileRef = 71CD854B298DA17C001D202D /* Stockify.xcdatamodeld */; };
		71CD854F298DA203001D202D /* DataController.swift in Sources */ = {isa = PBXBuildFile; fileRef = 71CD854E298DA203001D202D /* DataController.swift */; };
		71DF7366296DD32A0033C6EF /* Assets.xcassets in Resources */ = {isa = PBXBuildFile; fileRef = 71DF7365296DD32A0033C6EF /* Assets.xcassets */; };
		71DF7369296DD32A0033C6EF /* Preview Assets.xcassets in Resources */ = {isa = PBXBuildFile; fileRef = 71DF7368296DD32A0033C6EF /* Preview Assets.xcassets */; };
		71DF7375296DD4170033C6EF /* ItemEdit.swift in Sources */ = {isa = PBXBuildFile; fileRef = 71DF736F296DD4170033C6EF /* ItemEdit.swift */; };
		71DF7376296DD4170033C6EF /* InventoryApp.swift in Sources */ = {isa = PBXBuildFile; fileRef = 71DF7370296DD4170033C6EF /* InventoryApp.swift */; };
		71DF7377296DD4170033C6EF /* ContentView.swift in Sources */ = {isa = PBXBuildFile; fileRef = 71DF7371296DD4170033C6EF /* ContentView.swift */; };
		71DF7378296DD4170033C6EF /* CategoryView.swift in Sources */ = {isa = PBXBuildFile; fileRef = 71DF7372296DD4170033C6EF /* CategoryView.swift */; };
		71DF737A296DD4170033C6EF /* ItemAdd.swift in Sources */ = {isa = PBXBuildFile; fileRef = 71DF7374296DD4170033C6EF /* ItemAdd.swift */; };
/* End PBXBuildFile section */

/* Begin PBXFileReference section */
		711DCA0A299190DC0086C9A2 /* SplashView.swift */ = {isa = PBXFileReference; lastKnownFileType = sourcecode.swift; path = SplashView.swift; sourceTree = "<group>"; };
		71667853296E3CE9003E6805 /* Info.plist */ = {isa = PBXFileReference; lastKnownFileType = text.plist; path = Info.plist; sourceTree = "<group>"; };
		71AFAEF6298DE9230065DD3C /* Category+CoreDataClass.swift */ = {isa = PBXFileReference; lastKnownFileType = sourcecode.swift; path = "Category+CoreDataClass.swift"; sourceTree = "<group>"; };
		71AFAEF7298DE9230065DD3C /* Category+CoreDataProperties.swift */ = {isa = PBXFileReference; lastKnownFileType = sourcecode.swift; path = "Category+CoreDataProperties.swift"; sourceTree = "<group>"; };
		71AFAEF8298DE9230065DD3C /* Item+CoreDataClass.swift */ = {isa = PBXFileReference; lastKnownFileType = sourcecode.swift; path = "Item+CoreDataClass.swift"; sourceTree = "<group>"; };
		71AFAEF9298DE9230065DD3C /* Item+CoreDataProperties.swift */ = {isa = PBXFileReference; lastKnownFileType = sourcecode.swift; path = "Item+CoreDataProperties.swift"; sourceTree = "<group>"; };
		71CD854C298DA17C001D202D /* Stockify.xcdatamodel */ = {isa = PBXFileReference; lastKnownFileType = wrapper.xcdatamodel; path = Stockify.xcdatamodel; sourceTree = "<group>"; };
		71CD854E298DA203001D202D /* DataController.swift */ = {isa = PBXFileReference; lastKnownFileType = sourcecode.swift; path = DataController.swift; sourceTree = "<group>"; };
		71DF735E296DD3290033C6EF /* InventoryApp.app */ = {isa = PBXFileReference; explicitFileType = wrapper.application; includeInIndex = 0; path = InventoryApp.app; sourceTree = BUILT_PRODUCTS_DIR; };
		71DF7365296DD32A0033C6EF /* Assets.xcassets */ = {isa = PBXFileReference; lastKnownFileType = folder.assetcatalog; path = Assets.xcassets; sourceTree = "<group>"; };
		71DF7368296DD32A0033C6EF /* Preview Assets.xcassets */ = {isa = PBXFileReference; lastKnownFileType = folder.assetcatalog; path = "Preview Assets.xcassets"; sourceTree = "<group>"; };
		71DF736F296DD4170033C6EF /* ItemEdit.swift */ = {isa = PBXFileReference; lastKnownFileType = sourcecode.swift; path = ItemEdit.swift; sourceTree = "<group>"; };
		71DF7370296DD4170033C6EF /* InventoryApp.swift */ = {isa = PBXFileReference; lastKnownFileType = sourcecode.swift; path = InventoryApp.swift; sourceTree = "<group>"; };
		71DF7371296DD4170033C6EF /* ContentView.swift */ = {isa = PBXFileReference; lastKnownFileType = sourcecode.swift; path = ContentView.swift; sourceTree = "<group>"; };
		71DF7372296DD4170033C6EF /* CategoryView.swift */ = {isa = PBXFileReference; lastKnownFileType = sourcecode.swift; path = CategoryView.swift; sourceTree = "<group>"; };
		71DF7374296DD4170033C6EF /* ItemAdd.swift */ = {isa = PBXFileReference; lastKnownFileType = sourcecode.swift; path = ItemAdd.swift; sourceTree = "<group>"; };
/* End PBXFileReference section */

/* Begin PBXFrameworksBuildPhase section */
		71DF735B296DD3290033C6EF /* Frameworks */ = {
			isa = PBXFrameworksBuildPhase;
			buildActionMask = 2147483647;
			files = (
			);
			runOnlyForDeploymentPostprocessing = 0;
		};
/* End PBXFrameworksBuildPhase section */

/* Begin PBXGroup section */
		71DF7355296DD3290033C6EF = {
			isa = PBXGroup;
			children = (
				71DF7360296DD3290033C6EF /* InventoryApp */,
				71DF735F296DD3290033C6EF /* Products */,
			);
			sourceTree = "<group>";
		};
		71DF735F296DD3290033C6EF /* Products */ = {
			isa = PBXGroup;
			children = (
				71DF735E296DD3290033C6EF /* InventoryApp.app */,
			);
			name = Products;
			sourceTree = "<group>";
		};
		71DF7360296DD3290033C6EF /* InventoryApp */ = {
			isa = PBXGroup;
			children = (
				71667853296E3CE9003E6805 /* Info.plist */,
				71AFAEF6298DE9230065DD3C /* Category+CoreDataClass.swift */,
				71AFAEF7298DE9230065DD3C /* Category+CoreDataProperties.swift */,
				71AFAEF8298DE9230065DD3C /* Item+CoreDataClass.swift */,
				71AFAEF9298DE9230065DD3C /* Item+CoreDataProperties.swift */,
				71DF7372296DD4170033C6EF /* CategoryView.swift */,
				71DF7371296DD4170033C6EF /* ContentView.swift */,
				71CD854E298DA203001D202D /* DataController.swift */,
				71DF7370296DD4170033C6EF /* InventoryApp.swift */,
				71DF7374296DD4170033C6EF /* ItemAdd.swift */,
				71DF736F296DD4170033C6EF /* ItemEdit.swift */,
				711DCA0A299190DC0086C9A2 /* SplashView.swift */,
				71CD854B298DA17C001D202D /* Stockify.xcdatamodeld */,
				71DF7365296DD32A0033C6EF /* Assets.xcassets */,
				71DF7367296DD32A0033C6EF /* Preview Content */,
			);
			path = InventoryApp;
			sourceTree = "<group>";
		};
		71DF7367296DD32A0033C6EF /* Preview Content */ = {
			isa = PBXGroup;
			children = (
				71DF7368296DD32A0033C6EF /* Preview Assets.xcassets */,
			);
			path = "Preview Content";
			sourceTree = "<group>";
		};
/* End PBXGroup section */

/* Begin PBXNativeTarget section */
		71DF735D296DD3290033C6EF /* InventoryApp */ = {
			isa = PBXNativeTarget;
			buildConfigurationList = 71DF736C296DD32A0033C6EF /* Build configuration list for PBXNativeTarget "InventoryApp" */;
			buildPhases = (
				71DF735A296DD3290033C6EF /* Sources */,
				71DF735B296DD3290033C6EF /* Frameworks */,
				71DF735C296DD3290033C6EF /* Resources */,
			);
			buildRules = (
			);
			dependencies = (
			);
			name = InventoryApp;
			productName = InventoryApp;
			productReference = 71DF735E296DD3290033C6EF /* InventoryApp.app */;
			productType = "com.apple.product-type.application";
		};
/* End PBXNativeTarget section */

/* Begin PBXProject section */
		71DF7356296DD3290033C6EF /* Project object */ = {
			isa = PBXProject;
			attributes = {
				BuildIndependentTargetsInParallel = 1;
				LastSwiftUpdateCheck = 1420;
				LastUpgradeCheck = 1420;
				TargetAttributes = {
					71DF735D296DD3290033C6EF = {
						CreatedOnToolsVersion = 14.2;
					};
				};
			};
			buildConfigurationList = 71DF7359296DD3290033C6EF /* Build configuration list for PBXProject "InventoryApp" */;
			compatibilityVersion = "Xcode 14.0";
			developmentRegion = en;
			hasScannedForEncodings = 0;
			knownRegions = (
				en,
				Base,
			);
			mainGroup = 71DF7355296DD3290033C6EF;
			productRefGroup = 71DF735F296DD3290033C6EF /* Products */;
			projectDirPath = "";
			projectRoot = "";
			targets = (
				71DF735D296DD3290033C6EF /* InventoryApp */,
			);
		};
/* End PBXProject section */

/* Begin PBXResourcesBuildPhase section */
		71DF735C296DD3290033C6EF /* Resources */ = {
			isa = PBXResourcesBuildPhase;
			buildActionMask = 2147483647;
			files = (
				71DF7369296DD32A0033C6EF /* Preview Assets.xcassets in Resources */,
				71DF7366296DD32A0033C6EF /* Assets.xcassets in Resources */,
			);
			runOnlyForDeploymentPostprocessing = 0;
		};
/* End PBXResourcesBuildPhase section */

/* Begin PBXSourcesBuildPhase section */
		71DF735A296DD3290033C6EF /* Sources */ = {
			isa = PBXSourcesBuildPhase;
			buildActionMask = 2147483647;
			files = (
				71AFAEFC298DE9230065DD3C /* Item+CoreDataClass.swift in Sources */,
				71DF7375296DD4170033C6EF /* ItemEdit.swift in Sources */,
				71AFAEFB298DE9230065DD3C /* Category+CoreDataProperties.swift in Sources */,
				71AFAEFA298DE9230065DD3C /* Category+CoreDataClass.swift in Sources */,
				71DF7376296DD4170033C6EF /* InventoryApp.swift in Sources */,
				711DCA0B299190DC0086C9A2 /* SplashView.swift in Sources */,
				71DF7377296DD4170033C6EF /* ContentView.swift in Sources */,
				71CD854D298DA17C001D202D /* Stockify.xcdatamodeld in Sources */,
				71DF7378296DD4170033C6EF /* CategoryView.swift in Sources */,
				71CD854F298DA203001D202D /* DataController.swift in Sources */,
				71AFAEFD298DE9230065DD3C /* Item+CoreDataProperties.swift in Sources */,
				71DF737A296DD4170033C6EF /* ItemAdd.swift in Sources */,
			);
			runOnlyForDeploymentPostprocessing = 0;
		};
/* End PBXSourcesBuildPhase section */

/* Begin XCBuildConfiguration section */
		71DF736A296DD32A0033C6EF /* Debug */ = {
			isa = XCBuildConfiguration;
			buildSettings = {
				ALWAYS_SEARCH_USER_PATHS = NO;
				CLANG_ANALYZER_NONNULL = YES;
				CLANG_ANALYZER_NUMBER_OBJECT_CONVERSION = YES_AGGRESSIVE;
				CLANG_CXX_LANGUAGE_STANDARD = "gnu++20";
				CLANG_ENABLE_MODULES = YES;
				CLANG_ENABLE_OBJC_ARC = YES;
				CLANG_ENABLE_OBJC_WEAK = YES;
				CLANG_WARN_BLOCK_CAPTURE_AUTORELEASING = YES;
				CLANG_WARN_BOOL_CONVERSION = YES;
				CLANG_WARN_COMMA = YES;
				CLANG_WARN_CONSTANT_CONVERSION = YES;
				CLANG_WARN_DEPRECATED_OBJC_IMPLEMENTATIONS = YES;
				CLANG_WARN_DIRECT_OBJC_ISA_USAGE = YES_ERROR;
				CLANG_WARN_DOCUMENTATION_COMMENTS = YES;
				CLANG_WARN_EMPTY_BODY = YES;
				CLANG_WARN_ENUM_CONVERSION = YES;
				CLANG_WARN_INFINITE_RECURSION = YES;
				CLANG_WARN_INT_CONVERSION = YES;
				CLANG_WARN_NON_LITERAL_NULL_CONVERSION = YES;
				CLANG_WARN_OBJC_IMPLICIT_RETAIN_SELF = YES;
				CLANG_WARN_OBJC_LITERAL_CONVERSION = YES;
				CLANG_WARN_OBJC_ROOT_CLASS = YES_ERROR;
				CLANG_WARN_QUOTED_INCLUDE_IN_FRAMEWORK_HEADER = YES;
				CLANG_WARN_RANGE_LOOP_ANALYSIS = YES;
				CLANG_WARN_STRICT_PROTOTYPES = YES;
				CLANG_WARN_SUSPICIOUS_MOVE = YES;
				CLANG_WARN_UNGUARDED_AVAILABILITY = YES_AGGRESSIVE;
				CLANG_WARN_UNREACHABLE_CODE = YES;
				CLANG_WARN__DUPLICATE_METHOD_MATCH = YES;
				COPY_PHASE_STRIP = NO;
				DEBUG_INFORMATION_FORMAT = dwarf;
				ENABLE_STRICT_OBJC_MSGSEND = YES;
				ENABLE_TESTABILITY = YES;
				GCC_C_LANGUAGE_STANDARD = gnu11;
				GCC_DYNAMIC_NO_PIC = NO;
				GCC_NO_COMMON_BLOCKS = YES;
				GCC_OPTIMIZATION_LEVEL = 0;
				GCC_PREPROCESSOR_DEFINITIONS = (
					"DEBUG=1",
					"$(inherited)",
				);
				GCC_WARN_64_TO_32_BIT_CONVERSION = YES;
				GCC_WARN_ABOUT_RETURN_TYPE = YES_ERROR;
				GCC_WARN_UNDECLARED_SELECTOR = YES;
				GCC_WARN_UNINITIALIZED_AUTOS = YES_AGGRESSIVE;
				GCC_WARN_UNUSED_FUNCTION = YES;
				GCC_WARN_UNUSED_VARIABLE = YES;
				IPHONEOS_DEPLOYMENT_TARGET = 16.0;
				MTL_ENABLE_DEBUG_INFO = INCLUDE_SOURCE;
				MTL_FAST_MATH = YES;
				ONLY_ACTIVE_ARCH = YES;
				SDKROOT = iphoneos;
				SWIFT_ACTIVE_COMPILATION_CONDITIONS = DEBUG;
				SWIFT_OPTIMIZATION_LEVEL = "-Onone";
			};
			name = Debug;
		};
		71DF736B296DD32A0033C6EF /* Release */ = {
			isa = XCBuildConfiguration;
			buildSettings = {
				ALWAYS_SEARCH_USER_PATHS = NO;
				CLANG_ANALYZER_NONNULL = YES;
				CLANG_ANALYZER_NUMBER_OBJECT_CONVERSION = YES_AGGRESSIVE;
				CLANG_CXX_LANGUAGE_STANDARD = "gnu++20";
				CLANG_ENABLE_MODULES = YES;
				CLANG_ENABLE_OBJC_ARC = YES;
				CLANG_ENABLE_OBJC_WEAK = YES;
				CLANG_WARN_BLOCK_CAPTURE_AUTORELEASING = YES;
				CLANG_WARN_BOOL_CONVERSION = YES;
				CLANG_WARN_COMMA = YES;
				CLANG_WARN_CONSTANT_CONVERSION = YES;
				CLANG_WARN_DEPRECATED_OBJC_IMPLEMENTATIONS = YES;
				CLANG_WARN_DIRECT_OBJC_ISA_USAGE = YES_ERROR;
				CLANG_WARN_DOCUMENTATION_COMMENTS = YES;
				CLANG_WARN_EMPTY_BODY = YES;
				CLANG_WARN_ENUM_CONVERSION = YES;
				CLANG_WARN_INFINITE_RECURSION = YES;
				CLANG_WARN_INT_CONVERSION = YES;
				CLANG_WARN_NON_LITERAL_NULL_CONVERSION = YES;
				CLANG_WARN_OBJC_IMPLICIT_RETAIN_SELF = YES;
				CLANG_WARN_OBJC_LITERAL_CONVERSION = YES;
				CLANG_WARN_OBJC_ROOT_CLASS = YES_ERROR;
				CLANG_WARN_QUOTED_INCLUDE_IN_FRAMEWORK_HEADER = YES;
				CLANG_WARN_RANGE_LOOP_ANALYSIS = YES;
				CLANG_WARN_STRICT_PROTOTYPES = YES;
				CLANG_WARN_SUSPICIOUS_MOVE = YES;
				CLANG_WARN_UNGUARDED_AVAILABILITY = YES_AGGRESSIVE;
				CLANG_WARN_UNREACHABLE_CODE = YES;
				CLANG_WARN__DUPLICATE_METHOD_MATCH = YES;
				COPY_PHASE_STRIP = NO;
				DEBUG_INFORMATION_FORMAT = "dwarf-with-dsym";
				ENABLE_NS_ASSERTIONS = NO;
				ENABLE_STRICT_OBJC_MSGSEND = YES;
				GCC_C_LANGUAGE_STANDARD = gnu11;
				GCC_NO_COMMON_BLOCKS = YES;
				GCC_WARN_64_TO_32_BIT_CONVERSION = YES;
				GCC_WARN_ABOUT_RETURN_TYPE = YES_ERROR;
				GCC_WARN_UNDECLARED_SELECTOR = YES;
				GCC_WARN_UNINITIALIZED_AUTOS = YES_AGGRESSIVE;
				GCC_WARN_UNUSED_FUNCTION = YES;
				GCC_WARN_UNUSED_VARIABLE = YES;
				IPHONEOS_DEPLOYMENT_TARGET = 16.0;
				MTL_ENABLE_DEBUG_INFO = NO;
				MTL_FAST_MATH = YES;
				SDKROOT = iphoneos;
				SWIFT_COMPILATION_MODE = wholemodule;
				SWIFT_OPTIMIZATION_LEVEL = "-O";
				VALIDATE_PRODUCT = YES;
			};
			name = Release;
		};
		71DF736D296DD32A0033C6EF /* Debug */ = {
			isa = XCBuildConfiguration;
			buildSettings = {
				ASSETCATALOG_COMPILER_APPICON_NAME = "InventoryIcon-IOS";
				ASSETCATALOG_COMPILER_GLOBAL_ACCENT_COLOR_NAME = AccentColor;
				ASSETCATALOG_COMPILER_INCLUDE_ALL_APPICON_ASSETS = NO;
				CODE_SIGN_STYLE = Automatic;
				CURRENT_PROJECT_VERSION = 1;
				DEVELOPMENT_ASSET_PATHS = "\"InventoryApp/Preview Content\"";
				DEVELOPMENT_TEAM = GA927JBMYY;
				ENABLE_PREVIEWS = YES;
				GENERATE_INFOPLIST_FILE = YES;
				INFOPLIST_FILE = InventoryApp/Info.plist;
				INFOPLIST_KEY_CFBundleDisplayName = Stockify;
				INFOPLIST_KEY_LSApplicationCategoryType = "public.app-category.lifestyle";
				INFOPLIST_KEY_NSCameraUsageDescription = "This app would like to use your camera to take photos on your items";
				INFOPLIST_KEY_UIApplicationSupportsIndirectInputEvents = YES;
				INFOPLIST_KEY_UILaunchScreen_Generation = YES;
				INFOPLIST_KEY_UISupportedInterfaceOrientations = "UIInterfaceOrientationLandscapeLeft UIInterfaceOrientationLandscapeRight UIInterfaceOrientationPortrait";
				INFOPLIST_KEY_UISupportedInterfaceOrientations_iPad = "UIInterfaceOrientationLandscapeLeft UIInterfaceOrientationLandscapeRight UIInterfaceOrientationPortrait UIInterfaceOrientationPortraitUpsideDown";
				IPHONEOS_DEPLOYMENT_TARGET = 16.0;
				LD_RUNPATH_SEARCH_PATHS = (
					"$(inherited)",
					"@executable_path/Frameworks",
				);
				MARKETING_VERSION = 1.1;
				PRODUCT_BUNDLE_IDENTIFIER = com.mattpandolfo.InventoryApp;
				PRODUCT_NAME = "$(TARGET_NAME)";
				SUPPORTED_PLATFORMS = "iphoneos iphonesimulator";
				SUPPORTS_MACCATALYST = NO;
				SUPPORTS_MAC_DESIGNED_FOR_IPHONE_IPAD = YES;
				SWIFT_EMIT_LOC_STRINGS = YES;
				SWIFT_VERSION = 5.0;
				TARGETED_DEVICE_FAMILY = "1,2";
			};
			name = Debug;
		};
		71DF736E296DD32A0033C6EF /* Release */ = {
			isa = XCBuildConfiguration;
			buildSettings = {
				ASSETCATALOG_COMPILER_APPICON_NAME = "InventoryIcon-IOS";
				ASSETCATALOG_COMPILER_GLOBAL_ACCENT_COLOR_NAME = AccentColor;
				ASSETCATALOG_COMPILER_INCLUDE_ALL_APPICON_ASSETS = NO;
				CODE_SIGN_STYLE = Automatic;
				CURRENT_PROJECT_VERSION = 1;
				DEVELOPMENT_ASSET_PATHS = "\"InventoryApp/Preview Content\"";
				DEVELOPMENT_TEAM = GA927JBMYY;
				ENABLE_PREVIEWS = YES;
				GENERATE_INFOPLIST_FILE = YES;
				INFOPLIST_FILE = InventoryApp/Info.plist;
				INFOPLIST_KEY_CFBundleDisplayName = Stockify;
				INFOPLIST_KEY_LSApplicationCategoryType = "public.app-category.lifestyle";
				INFOPLIST_KEY_NSCameraUsageDescription = "This app would like to use your camera to take photos on your items";
				INFOPLIST_KEY_UIApplicationSupportsIndirectInputEvents = YES;
				INFOPLIST_KEY_UILaunchScreen_Generation = YES;
				INFOPLIST_KEY_UISupportedInterfaceOrientations = "UIInterfaceOrientationLandscapeLeft UIInterfaceOrientationLandscapeRight UIInterfaceOrientationPortrait";
				INFOPLIST_KEY_UISupportedInterfaceOrientations_iPad = "UIInterfaceOrientationLandscapeLeft UIInterfaceOrientationLandscapeRight UIInterfaceOrientationPortrait UIInterfaceOrientationPortraitUpsideDown";
				IPHONEOS_DEPLOYMENT_TARGET = 16.0;
				LD_RUNPATH_SEARCH_PATHS = (
					"$(inherited)",
					"@executable_path/Frameworks",
				);
				MARKETING_VERSION = 1.1;
				PRODUCT_BUNDLE_IDENTIFIER = com.mattpandolfo.InventoryApp;
				PRODUCT_NAME = "$(TARGET_NAME)";
				SUPPORTED_PLATFORMS = "iphoneos iphonesimulator";
				SUPPORTS_MACCATALYST = NO;
				SUPPORTS_MAC_DESIGNED_FOR_IPHONE_IPAD = YES;
				SWIFT_EMIT_LOC_STRINGS = YES;
				SWIFT_VERSION = 5.0;
				TARGETED_DEVICE_FAMILY = "1,2";
			};
			name = Release;
		};
/* End XCBuildConfiguration section */

/* Begin XCConfigurationList section */
		71DF7359296DD3290033C6EF /* Build configuration list for PBXProject "InventoryApp" */ = {
			isa = XCConfigurationList;
			buildConfigurations = (
				71DF736A296DD32A0033C6EF /* Debug */,
				71DF736B296DD32A0033C6EF /* Release */,
			);
			defaultConfigurationIsVisible = 0;
			defaultConfigurationName = Release;
		};
		71DF736C296DD32A0033C6EF /* Build configuration list for PBXNativeTarget "InventoryApp" */ = {
			isa = XCConfigurationList;
			buildConfigurations = (
				71DF736D296DD32A0033C6EF /* Debug */,
				71DF736E296DD32A0033C6EF /* Release */,
			);
			defaultConfigurationIsVisible = 0;
			defaultConfigurationName = Release;
		};
/* End XCConfigurationList section */

/* Begin XCVersionGroup section */
		71CD854B298DA17C001D202D /* Stockify.xcdatamodeld */ = {
			isa = XCVersionGroup;
			children = (
				71CD854C298DA17C001D202D /* Stockify.xcdatamodel */,
			);
			currentVersion = 71CD854C298DA17C001D202D /* Stockify.xcdatamodel */;
			path = Stockify.xcdatamodeld;
			sourceTree = "<group>";
			versionGroupType = wrapper.xcdatamodel;
		};
/* End XCVersionGroup section */
	};
	rootObject = 71DF7356296DD3290033C6EF /* Project object */;
}
